// !$*UTF8*$!
{
	archiveVersion = 1;
	classes = {
	};
	objectVersion = 56;
	objects = {

/* Begin PBXBuildFile section */
		307937B32C084B3B00A79AA9 /* PaginationHandler.swift in Sources */ = {isa = PBXBuildFile; fileRef = 307937B22C084B3B00A79AA9 /* PaginationHandler.swift */; };
		308FA4292C086DD900A99DF0 /* DetailViewController.swift in Sources */ = {isa = PBXBuildFile; fileRef = 308FA4282C086DD900A99DF0 /* DetailViewController.swift */; };
		30FB1A562C07503E00158D34 /* AppDelegate.swift in Sources */ = {isa = PBXBuildFile; fileRef = 30FB1A552C07503E00158D34 /* AppDelegate.swift */; };
		30FB1A582C07503E00158D34 /* SceneDelegate.swift in Sources */ = {isa = PBXBuildFile; fileRef = 30FB1A572C07503E00158D34 /* SceneDelegate.swift */; };
		30FB1A5A2C07503E00158D34 /* ViewController.swift in Sources */ = {isa = PBXBuildFile; fileRef = 30FB1A592C07503E00158D34 /* ViewController.swift */; };
		30FB1A5D2C07503E00158D34 /* Main.storyboard in Resources */ = {isa = PBXBuildFile; fileRef = 30FB1A5B2C07503E00158D34 /* Main.storyboard */; };
		30FB1A5F2C07503F00158D34 /* Assets.xcassets in Resources */ = {isa = PBXBuildFile; fileRef = 30FB1A5E2C07503F00158D34 /* Assets.xcassets */; };
		30FB1A622C07503F00158D34 /* LaunchScreen.storyboard in Resources */ = {isa = PBXBuildFile; fileRef = 30FB1A602C07503F00158D34 /* LaunchScreen.storyboard */; };
		30FB1A6A2C07506F00158D34 /* ViewModel.swift in Sources */ = {isa = PBXBuildFile; fileRef = 30FB1A692C07506F00158D34 /* ViewModel.swift */; };
		30FB1A6C2C07507400158D34 /* UserInfo.swift in Sources */ = {isa = PBXBuildFile; fileRef = 30FB1A6B2C07507400158D34 /* UserInfo.swift */; };
		30FB1A6F2C07563E00158D34 /* UserInfoTableViewCell.swift in Sources */ = {isa = PBXBuildFile; fileRef = 30FB1A6D2C07563E00158D34 /* UserInfoTableViewCell.swift */; };
		30FB1A702C07563E00158D34 /* UserInfoTableViewCell.xib in Resources */ = {isa = PBXBuildFile; fileRef = 30FB1A6E2C07563E00158D34 /* UserInfoTableViewCell.xib */; };
/* End PBXBuildFile section */

/* Begin PBXFileReference section */
		307937B22C084B3B00A79AA9 /* PaginationHandler.swift */ = {isa = PBXFileReference; lastKnownFileType = sourcecode.swift; path = PaginationHandler.swift; sourceTree = "<group>"; };
		308FA4282C086DD900A99DF0 /* DetailViewController.swift */ = {isa = PBXFileReference; lastKnownFileType = sourcecode.swift; path = DetailViewController.swift; sourceTree = "<group>"; };
		30FB1A522C07503E00158D34 /* SamplePaginationApplication.app */ = {isa = PBXFileReference; explicitFileType = wrapper.application; includeInIndex = 0; path = SamplePaginationApplication.app; sourceTree = BUILT_PRODUCTS_DIR; };
		30FB1A552C07503E00158D34 /* AppDelegate.swift */ = {isa = PBXFileReference; lastKnownFileType = sourcecode.swift; path = AppDelegate.swift; sourceTree = "<group>"; };
		30FB1A572C07503E00158D34 /* SceneDelegate.swift */ = {isa = PBXFileReference; lastKnownFileType = sourcecode.swift; path = SceneDelegate.swift; sourceTree = "<group>"; };
		30FB1A592C07503E00158D34 /* ViewController.swift */ = {isa = PBXFileReference; lastKnownFileType = sourcecode.swift; path = ViewController.swift; sourceTree = "<group>"; };
		30FB1A5C2C07503E00158D34 /* Base */ = {isa = PBXFileReference; lastKnownFileType = file.storyboard; name = Base; path = Base.lproj/Main.storyboard; sourceTree = "<group>"; };
		30FB1A5E2C07503F00158D34 /* Assets.xcassets */ = {isa = PBXFileReference; lastKnownFileType = folder.assetcatalog; path = Assets.xcassets; sourceTree = "<group>"; };
		30FB1A612C07503F00158D34 /* Base */ = {isa = PBXFileReference; lastKnownFileType = file.storyboard; name = Base; path = Base.lproj/LaunchScreen.storyboard; sourceTree = "<group>"; };
		30FB1A632C07503F00158D34 /* Info.plist */ = {isa = PBXFileReference; lastKnownFileType = text.plist.xml; path = Info.plist; sourceTree = "<group>"; };
		30FB1A692C07506F00158D34 /* ViewModel.swift */ = {isa = PBXFileReference; fileEncoding = 4; lastKnownFileType = sourcecode.swift; path = ViewModel.swift; sourceTree = "<group>"; };
		30FB1A6B2C07507400158D34 /* UserInfo.swift */ = {isa = PBXFileReference; fileEncoding = 4; lastKnownFileType = sourcecode.swift; path = UserInfo.swift; sourceTree = "<group>"; };
		30FB1A6D2C07563E00158D34 /* UserInfoTableViewCell.swift */ = {isa = PBXFileReference; lastKnownFileType = sourcecode.swift; path = UserInfoTableViewCell.swift; sourceTree = "<group>"; };
		30FB1A6E2C07563E00158D34 /* UserInfoTableViewCell.xib */ = {isa = PBXFileReference; lastKnownFileType = file.xib; path = UserInfoTableViewCell.xib; sourceTree = "<group>"; };
/* End PBXFileReference section */

/* Begin PBXFrameworksBuildPhase section */
		30FB1A4F2C07503E00158D34 /* Frameworks */ = {
			isa = PBXFrameworksBuildPhase;
			buildActionMask = 2147483647;
			files = (
			);
			runOnlyForDeploymentPostprocessing = 0;
		};
/* End PBXFrameworksBuildPhase section */

/* Begin PBXGroup section */
		30FB1A492C07503E00158D34 = {
			isa = PBXGroup;
			children = (
				30FB1A542C07503E00158D34 /* SamplePaginationApplication */,
				30FB1A532C07503E00158D34 /* Products */,
			);
			sourceTree = "<group>";
		};
		30FB1A532C07503E00158D34 /* Products */ = {
			isa = PBXGroup;
			children = (
				30FB1A522C07503E00158D34 /* SamplePaginationApplication.app */,
			);
			name = Products;
			sourceTree = "<group>";
		};
		30FB1A542C07503E00158D34 /* SamplePaginationApplication */ = {
			isa = PBXGroup;
			children = (
				30FB1A712C07803E00158D34 /* Model */,
				30FB1A742C07806800158D34 /* ViewModel */,
				30FB1A732C07805F00158D34 /* View */,
				30FB1A552C07503E00158D34 /* AppDelegate.swift */,
				30FB1A572C07503E00158D34 /* SceneDelegate.swift */,
				30FB1A5B2C07503E00158D34 /* Main.storyboard */,
				30FB1A5E2C07503F00158D34 /* Assets.xcassets */,
				30FB1A602C07503F00158D34 /* LaunchScreen.storyboard */,
				30FB1A632C07503F00158D34 /* Info.plist */,
			);
			path = SamplePaginationApplication;
			sourceTree = "<group>";
		};
		30FB1A712C07803E00158D34 /* Model */ = {
			isa = PBXGroup;
			children = (
				30FB1A6B2C07507400158D34 /* UserInfo.swift */,
			);
			path = Model;
			sourceTree = "<group>";
		};
		30FB1A732C07805F00158D34 /* View */ = {
			isa = PBXGroup;
			children = (
				30FB1A592C07503E00158D34 /* ViewController.swift */,
				308FA4282C086DD900A99DF0 /* DetailViewController.swift */,
				30FB1A6D2C07563E00158D34 /* UserInfoTableViewCell.swift */,
				30FB1A6E2C07563E00158D34 /* UserInfoTableViewCell.xib */,
			);
			path = View;
			sourceTree = "<group>";
		};
		30FB1A742C07806800158D34 /* ViewModel */ = {
			isa = PBXGroup;
			children = (
				30FB1A692C07506F00158D34 /* ViewModel.swift */,
				307937B22C084B3B00A79AA9 /* PaginationHandler.swift */,
			);
			path = ViewModel;
			sourceTree = "<group>";
		};
/* End PBXGroup section */

/* Begin PBXNativeTarget section */
		30FB1A512C07503E00158D34 /* SamplePaginationApplication */ = {
			isa = PBXNativeTarget;
			buildConfigurationList = 30FB1A662C07503F00158D34 /* Build configuration list for PBXNativeTarget "SamplePaginationApplication" */;
			buildPhases = (
				30FB1A4E2C07503E00158D34 /* Sources */,
				30FB1A4F2C07503E00158D34 /* Frameworks */,
				30FB1A502C07503E00158D34 /* Resources */,
			);
			buildRules = (
			);
			dependencies = (
			);
			name = SamplePaginationApplication;
			productName = SamplePaginationApplication;
			productReference = 30FB1A522C07503E00158D34 /* SamplePaginationApplication.app */;
			productType = "com.apple.product-type.application";
		};
/* End PBXNativeTarget section */

/* Begin PBXProject section */
		30FB1A4A2C07503E00158D34 /* Project object */ = {
			isa = PBXProject;
			attributes = {
				BuildIndependentTargetsInParallel = 1;
				LastSwiftUpdateCheck = 1520;
				LastUpgradeCheck = 1520;
				TargetAttributes = {
					30FB1A512C07503E00158D34 = {
						CreatedOnToolsVersion = 15.2;
					};
				};
			};
			buildConfigurationList = 30FB1A4D2C07503E00158D34 /* Build configuration list for PBXProject "SamplePaginationApplication" */;
			compatibilityVersion = "Xcode 14.0";
			developmentRegion = en;
			hasScannedForEncodings = 0;
			knownRegions = (
				en,
				Base,
			);
			mainGroup = 30FB1A492C07503E00158D34;
			productRefGroup = 30FB1A532C07503E00158D34 /* Products */;
			projectDirPath = "";
			projectRoot = "";
			targets = (
				30FB1A512C07503E00158D34 /* SamplePaginationApplication */,
			);
		};
/* End PBXProject section */

/* Begin PBXResourcesBuildPhase section */
		30FB1A502C07503E00158D34 /* Resources */ = {
			isa = PBXResourcesBuildPhase;
			buildActionMask = 2147483647;
			files = (
				30FB1A622C07503F00158D34 /* LaunchScreen.storyboard in Resources */,
				30FB1A702C07563E00158D34 /* UserInfoTableViewCell.xib in Resources */,
				30FB1A5F2C07503F00158D34 /* Assets.xcassets in Resources */,
				30FB1A5D2C07503E00158D34 /* Main.storyboard in Resources */,
			);
			runOnlyForDeploymentPostprocessing = 0;
		};
/* End PBXResourcesBuildPhase section */

/* Begin PBXSourcesBuildPhase section */
		30FB1A4E2C07503E00158D34 /* Sources */ = {
			isa = PBXSourcesBuildPhase;
			buildActionMask = 2147483647;
			files = (
				30FB1A5A2C07503E00158D34 /* ViewController.swift in Sources */,
				307937B32C084B3B00A79AA9 /* PaginationHandler.swift in Sources */,
				30FB1A562C07503E00158D34 /* AppDelegate.swift in Sources */,
				30FB1A6A2C07506F00158D34 /* ViewModel.swift in Sources */,
				30FB1A6F2C07563E00158D34 /* UserInfoTableViewCell.swift in Sources */,
				30FB1A6C2C07507400158D34 /* UserInfo.swift in Sources */,
				30FB1A582C07503E00158D34 /* SceneDelegate.swift in Sources */,
				308FA4292C086DD900A99DF0 /* DetailViewController.swift in Sources */,
			);
			runOnlyForDeploymentPostprocessing = 0;
		};
/* End PBXSourcesBuildPhase section */

/* Begin PBXVariantGroup section */
		30FB1A5B2C07503E00158D34 /* Main.storyboard */ = {
			isa = PBXVariantGroup;
			children = (
				30FB1A5C2C07503E00158D34 /* Base */,
			);
			name = Main.storyboard;
			sourceTree = "<group>";
		};
		30FB1A602C07503F00158D34 /* LaunchScreen.storyboard */ = {
			isa = PBXVariantGroup;
			children = (
				30FB1A612C07503F00158D34 /* Base */,
			);
			name = LaunchScreen.storyboard;
			sourceTree = "<group>";
		};
/* End PBXVariantGroup section */

/* Begin XCBuildConfiguration section */
		30FB1A642C07503F00158D34 /* Debug */ = {
			isa = XCBuildConfiguration;
			buildSettings = {
				ALWAYS_SEARCH_USER_PATHS = NO;
				ASSETCATALOG_COMPILER_GENERATE_SWIFT_ASSET_SYMBOL_EXTENSIONS = YES;
				CLANG_ANALYZER_NONNULL = YES;
				CLANG_ANALYZER_NUMBER_OBJECT_CONVERSION = YES_AGGRESSIVE;
				CLANG_CXX_LANGUAGE_STANDARD = "gnu++20";
				CLANG_ENABLE_MODULES = YES;
				CLANG_ENABLE_OBJC_ARC = YES;
				CLANG_ENABLE_OBJC_WEAK = YES;
				CLANG_WARN_BLOCK_CAPTURE_AUTORELEASING = YES;
				CLANG_WARN_BOOL_CONVERSION = YES;
				CLANG_WARN_COMMA = YES;
				CLANG_WARN_CONSTANT_CONVERSION = YES;
				CLANG_WARN_DEPRECATED_OBJC_IMPLEMENTATIONS = YES;
				CLANG_WARN_DIRECT_OBJC_ISA_USAGE = YES_ERROR;
				CLANG_WARN_DOCUMENTATION_COMMENTS = YES;
				CLANG_WARN_EMPTY_BODY = YES;
				CLANG_WARN_ENUM_CONVERSION = YES;
				CLANG_WARN_INFINITE_RECURSION = YES;
				CLANG_WARN_INT_CONVERSION = YES;
				CLANG_WARN_NON_LITERAL_NULL_CONVERSION = YES;
				CLANG_WARN_OBJC_IMPLICIT_RETAIN_SELF = YES;
				CLANG_WARN_OBJC_LITERAL_CONVERSION = YES;
				CLANG_WARN_OBJC_ROOT_CLASS = YES_ERROR;
				CLANG_WARN_QUOTED_INCLUDE_IN_FRAMEWORK_HEADER = YES;
				CLANG_WARN_RANGE_LOOP_ANALYSIS = YES;
				CLANG_WARN_STRICT_PROTOTYPES = YES;
				CLANG_WARN_SUSPICIOUS_MOVE = YES;
				CLANG_WARN_UNGUARDED_AVAILABILITY = YES_AGGRESSIVE;
				CLANG_WARN_UNREACHABLE_CODE = YES;
				CLANG_WARN__DUPLICATE_METHOD_MATCH = YES;
				COPY_PHASE_STRIP = NO;
				DEBUG_INFORMATION_FORMAT = dwarf;
				ENABLE_STRICT_OBJC_MSGSEND = YES;
				ENABLE_TESTABILITY = YES;
				ENABLE_USER_SCRIPT_SANDBOXING = YES;
				GCC_C_LANGUAGE_STANDARD = gnu17;
				GCC_DYNAMIC_NO_PIC = NO;
				GCC_NO_COMMON_BLOCKS = YES;
				GCC_OPTIMIZATION_LEVEL = 0;
				GCC_PREPROCESSOR_DEFINITIONS = (
					"DEBUG=1",
					"$(inherited)",
				);
				GCC_WARN_64_TO_32_BIT_CONVERSION = YES;
				GCC_WARN_ABOUT_RETURN_TYPE = YES_ERROR;
				GCC_WARN_UNDECLARED_SELECTOR = YES;
				GCC_WARN_UNINITIALIZED_AUTOS = YES_AGGRESSIVE;
				GCC_WARN_UNUSED_FUNCTION = YES;
				GCC_WARN_UNUSED_VARIABLE = YES;
				IPHONEOS_DEPLOYMENT_TARGET = 17.2;
				LOCALIZATION_PREFERS_STRING_CATALOGS = YES;
				MTL_ENABLE_DEBUG_INFO = INCLUDE_SOURCE;
				MTL_FAST_MATH = YES;
				ONLY_ACTIVE_ARCH = YES;
				SDKROOT = iphoneos;
				SWIFT_ACTIVE_COMPILATION_CONDITIONS = "DEBUG $(inherited)";
				SWIFT_OPTIMIZATION_LEVEL = "-Onone";
			};
			name = Debug;
		};
		30FB1A652C07503F00158D34 /* Release */ = {
			isa = XCBuildConfiguration;
			buildSettings = {
				ALWAYS_SEARCH_USER_PATHS = NO;
				ASSETCATALOG_COMPILER_GENERATE_SWIFT_ASSET_SYMBOL_EXTENSIONS = YES;
				CLANG_ANALYZER_NONNULL = YES;
				CLANG_ANALYZER_NUMBER_OBJECT_CONVERSION = YES_AGGRESSIVE;
				CLANG_CXX_LANGUAGE_STANDARD = "gnu++20";
				CLANG_ENABLE_MODULES = YES;
				CLANG_ENABLE_OBJC_ARC = YES;
				CLANG_ENABLE_OBJC_WEAK = YES;
				CLANG_WARN_BLOCK_CAPTURE_AUTORELEASING = YES;
				CLANG_WARN_BOOL_CONVERSION = YES;
				CLANG_WARN_COMMA = YES;
				CLANG_WARN_CONSTANT_CONVERSION = YES;
				CLANG_WARN_DEPRECATED_OBJC_IMPLEMENTATIONS = YES;
				CLANG_WARN_DIRECT_OBJC_ISA_USAGE = YES_ERROR;
				CLANG_WARN_DOCUMENTATION_COMMENTS = YES;
				CLANG_WARN_EMPTY_BODY = YES;
				CLANG_WARN_ENUM_CONVERSION = YES;
				CLANG_WARN_INFINITE_RECURSION = YES;
				CLANG_WARN_INT_CONVERSION = YES;
				CLANG_WARN_NON_LITERAL_NULL_CONVERSION = YES;
				CLANG_WARN_OBJC_IMPLICIT_RETAIN_SELF = YES;
				CLANG_WARN_OBJC_LITERAL_CONVERSION = YES;
				CLANG_WARN_OBJC_ROOT_CLASS = YES_ERROR;
				CLANG_WARN_QUOTED_INCLUDE_IN_FRAMEWORK_HEADER = YES;
				CLANG_WARN_RANGE_LOOP_ANALYSIS = YES;
				CLANG_WARN_STRICT_PROTOTYPES = YES;
				CLANG_WARN_SUSPICIOUS_MOVE = YES;
				CLANG_WARN_UNGUARDED_AVAILABILITY = YES_AGGRESSIVE;
				CLANG_WARN_UNREACHABLE_CODE = YES;
				CLANG_WARN__DUPLICATE_METHOD_MATCH = YES;
				COPY_PHASE_STRIP = NO;
				DEBUG_INFORMATION_FORMAT = "dwarf-with-dsym";
				ENABLE_NS_ASSERTIONS = NO;
				ENABLE_STRICT_OBJC_MSGSEND = YES;
				ENABLE_USER_SCRIPT_SANDBOXING = YES;
				GCC_C_LANGUAGE_STANDARD = gnu17;
				GCC_NO_COMMON_BLOCKS = YES;
				GCC_WARN_64_TO_32_BIT_CONVERSION = YES;
				GCC_WARN_ABOUT_RETURN_TYPE = YES_ERROR;
				GCC_WARN_UNDECLARED_SELECTOR = YES;
				GCC_WARN_UNINITIALIZED_AUTOS = YES_AGGRESSIVE;
				GCC_WARN_UNUSED_FUNCTION = YES;
				GCC_WARN_UNUSED_VARIABLE = YES;
				IPHONEOS_DEPLOYMENT_TARGET = 17.2;
				LOCALIZATION_PREFERS_STRING_CATALOGS = YES;
				MTL_ENABLE_DEBUG_INFO = NO;
				MTL_FAST_MATH = YES;
				SDKROOT = iphoneos;
				SWIFT_COMPILATION_MODE = wholemodule;
				VALIDATE_PRODUCT = YES;
			};
			name = Release;
		};
		30FB1A672C07503F00158D34 /* Debug */ = {
			isa = XCBuildConfiguration;
			buildSettings = {
				ASSETCATALOG_COMPILER_APPICON_NAME = AppIcon;
				ASSETCATALOG_COMPILER_GLOBAL_ACCENT_COLOR_NAME = AccentColor;
				CODE_SIGN_STYLE = Automatic;
				CURRENT_PROJECT_VERSION = 1;
				GENERATE_INFOPLIST_FILE = YES;
				INFOPLIST_FILE = SamplePaginationApplication/Info.plist;
				INFOPLIST_KEY_UIApplicationSupportsIndirectInputEvents = YES;
				INFOPLIST_KEY_UILaunchStoryboardName = LaunchScreen;
				INFOPLIST_KEY_UIMainStoryboardFile = Main;
				INFOPLIST_KEY_UISupportedInterfaceOrientations_iPad = "UIInterfaceOrientationPortrait UIInterfaceOrientationPortraitUpsideDown UIInterfaceOrientationLandscapeLeft UIInterfaceOrientationLandscapeRight";
				INFOPLIST_KEY_UISupportedInterfaceOrientations_iPhone = "UIInterfaceOrientationPortrait UIInterfaceOrientationLandscapeLeft UIInterfaceOrientationLandscapeRight";
				LD_RUNPATH_SEARCH_PATHS = (
					"$(inherited)",
					"@executable_path/Frameworks",
				);
				MARKETING_VERSION = 1.0;
				PRODUCT_BUNDLE_IDENTIFIER = name.rubhaSelvaraj.SamplePaginationApplication;
				PRODUCT_NAME = "$(TARGET_NAME)";
				SWIFT_EMIT_LOC_STRINGS = YES;
				SWIFT_VERSION = 5.0;
				TARGETED_DEVICE_FAMILY = "1,2";
			};
			name = Debug;
		};
		30FB1A682C07503F00158D34 /* Release */ = {
			isa = XCBuildConfiguration;
			buildSettings = {
				ASSETCATALOG_COMPILER_APPICON_NAME = AppIcon;
				ASSETCATALOG_COMPILER_GLOBAL_ACCENT_COLOR_NAME = AccentColor;
				CODE_SIGN_STYLE = Automatic;
				CURRENT_PROJECT_VERSION = 1;
				GENERATE_INFOPLIST_FILE = YES;
				INFOPLIST_FILE = SamplePaginationApplication/Info.plist;
				INFOPLIST_KEY_UIApplicationSupportsIndirectInputEvents = YES;
				INFOPLIST_KEY_UILaunchStoryboardName = LaunchScreen;
				INFOPLIST_KEY_UIMainStoryboardFile = Main;
				INFOPLIST_KEY_UISupportedInterfaceOrientations_iPad = "UIInterfaceOrientationPortrait UIInterfaceOrientationPortraitUpsideDown UIInterfaceOrientationLandscapeLeft UIInterfaceOrientationLandscapeRight";
				INFOPLIST_KEY_UISupportedInterfaceOrientations_iPhone = "UIInterfaceOrientationPortrait UIInterfaceOrientationLandscapeLeft UIInterfaceOrientationLandscapeRight";
				LD_RUNPATH_SEARCH_PATHS = (
					"$(inherited)",
					"@executable_path/Frameworks",
				);
				MARKETING_VERSION = 1.0;
				PRODUCT_BUNDLE_IDENTIFIER = name.rubhaSelvaraj.SamplePaginationApplication;
				PRODUCT_NAME = "$(TARGET_NAME)";
				SWIFT_EMIT_LOC_STRINGS = YES;
				SWIFT_VERSION = 5.0;
				TARGETED_DEVICE_FAMILY = "1,2";
			};
			name = Release;
		};
/* End XCBuildConfiguration section */

/* Begin XCConfigurationList section */
		30FB1A4D2C07503E00158D34 /* Build configuration list for PBXProject "SamplePaginationApplication" */ = {
			isa = XCConfigurationList;
			buildConfigurations = (
				30FB1A642C07503F00158D34 /* Debug */,
				30FB1A652C07503F00158D34 /* Release */,
			);
			defaultConfigurationIsVisible = 0;
			defaultConfigurationName = Release;
		};
		30FB1A662C07503F00158D34 /* Build configuration list for PBXNativeTarget "SamplePaginationApplication" */ = {
			isa = XCConfigurationList;
			buildConfigurations = (
				30FB1A672C07503F00158D34 /* Debug */,
				30FB1A682C07503F00158D34 /* Release */,
			);
			defaultConfigurationIsVisible = 0;
			defaultConfigurationName = Release;
		};
/* End XCConfigurationList section */
	};
	rootObject = 30FB1A4A2C07503E00158D34 /* Project object */;
}
